// !$*UTF8*$!
{
	archiveVersion = 1;
	classes = {
	};
	objectVersion = 50;
	objects = {

/* Begin PBXBuildFile section */
		6054C585231A07D800CA0C2E /* AppDelegate.swift in Sources */ = {isa = PBXBuildFile; fileRef = 6054C584231A07D800CA0C2E /* AppDelegate.swift */; };
		6054C587231A07D800CA0C2E /* SceneDelegate.swift in Sources */ = {isa = PBXBuildFile; fileRef = 6054C586231A07D800CA0C2E /* SceneDelegate.swift */; };
		6054C58C231A07D800CA0C2E /* Main.storyboard in Resources */ = {isa = PBXBuildFile; fileRef = 6054C58A231A07D800CA0C2E /* Main.storyboard */; };
		6054C58F231A07D800CA0C2E /* Hello_App.xcdatamodeld in Sources */ = {isa = PBXBuildFile; fileRef = 6054C58D231A07D800CA0C2E /* Hello_App.xcdatamodeld */; };
		6054C591231A07D900CA0C2E /* Assets.xcassets in Resources */ = {isa = PBXBuildFile; fileRef = 6054C590231A07D900CA0C2E /* Assets.xcassets */; };
		6054C594231A07D900CA0C2E /* LaunchScreen.storyboard in Resources */ = {isa = PBXBuildFile; fileRef = 6054C592231A07D900CA0C2E /* LaunchScreen.storyboard */; };
		6054C59C231A096C00CA0C2E /* HelloTableViewController.swift in Sources */ = {isa = PBXBuildFile; fileRef = 6054C59B231A096C00CA0C2E /* HelloTableViewController.swift */; };
/* End PBXBuildFile section */

/* Begin PBXFileReference section */
		6054C581231A07D800CA0C2E /* Hello App.app */ = {isa = PBXFileReference; explicitFileType = wrapper.application; includeInIndex = 0; path = "Hello App.app"; sourceTree = BUILT_PRODUCTS_DIR; };
		6054C584231A07D800CA0C2E /* AppDelegate.swift */ = {isa = PBXFileReference; lastKnownFileType = sourcecode.swift; path = AppDelegate.swift; sourceTree = "<group>"; };
		6054C586231A07D800CA0C2E /* SceneDelegate.swift */ = {isa = PBXFileReference; lastKnownFileType = sourcecode.swift; path = SceneDelegate.swift; sourceTree = "<group>"; };
		6054C58B231A07D800CA0C2E /* Base */ = {isa = PBXFileReference; lastKnownFileType = file.storyboard; name = Base; path = Base.lproj/Main.storyboard; sourceTree = "<group>"; };
		6054C58E231A07D800CA0C2E /* Hello_App.xcdatamodel */ = {isa = PBXFileReference; lastKnownFileType = wrapper.xcdatamodel; path = Hello_App.xcdatamodel; sourceTree = "<group>"; };
		6054C590231A07D900CA0C2E /* Assets.xcassets */ = {isa = PBXFileReference; lastKnownFileType = folder.assetcatalog; path = Assets.xcassets; sourceTree = "<group>"; };
		6054C593231A07D900CA0C2E /* Base */ = {isa = PBXFileReference; lastKnownFileType = file.storyboard; name = Base; path = Base.lproj/LaunchScreen.storyboard; sourceTree = "<group>"; };
		6054C595231A07D900CA0C2E /* Info.plist */ = {isa = PBXFileReference; lastKnownFileType = text.plist.xml; path = Info.plist; sourceTree = "<group>"; };
		6054C59B231A096C00CA0C2E /* HelloTableViewController.swift */ = {isa = PBXFileReference; lastKnownFileType = sourcecode.swift; path = HelloTableViewController.swift; sourceTree = "<group>"; };
/* End PBXFileReference section */

/* Begin PBXFrameworksBuildPhase section */
		6054C57E231A07D800CA0C2E /* Frameworks */ = {
			isa = PBXFrameworksBuildPhase;
			buildActionMask = 2147483647;
			files = (
			);
			runOnlyForDeploymentPostprocessing = 0;
		};
/* End PBXFrameworksBuildPhase section */

/* Begin PBXGroup section */
		6054C578231A07D800CA0C2E = {
			isa = PBXGroup;
			children = (
				6054C583231A07D800CA0C2E /* Hello App */,
				6054C582231A07D800CA0C2E /* Products */,
			);
			sourceTree = "<group>";
		};
		6054C582231A07D800CA0C2E /* Products */ = {
			isa = PBXGroup;
			children = (
				6054C581231A07D800CA0C2E /* Hello App.app */,
			);
			name = Products;
			sourceTree = "<group>";
		};
		6054C583231A07D800CA0C2E /* Hello App */ = {
			isa = PBXGroup;
			children = (
				6054C584231A07D800CA0C2E /* AppDelegate.swift */,
				6054C586231A07D800CA0C2E /* SceneDelegate.swift */,
				6054C58A231A07D800CA0C2E /* Main.storyboard */,
				6054C59B231A096C00CA0C2E /* HelloTableViewController.swift */,
				6054C590231A07D900CA0C2E /* Assets.xcassets */,
				6054C592231A07D900CA0C2E /* LaunchScreen.storyboard */,
				6054C595231A07D900CA0C2E /* Info.plist */,
				6054C58D231A07D800CA0C2E /* Hello_App.xcdatamodeld */,
			);
			path = "Hello App";
			sourceTree = "<group>";
		};
/* End PBXGroup section */

/* Begin PBXNativeTarget section */
		6054C580231A07D800CA0C2E /* Hello App */ = {
			isa = PBXNativeTarget;
			buildConfigurationList = 6054C598231A07D900CA0C2E /* Build configuration list for PBXNativeTarget "Hello App" */;
			buildPhases = (
				6054C57D231A07D800CA0C2E /* Sources */,
				6054C57E231A07D800CA0C2E /* Frameworks */,
				6054C57F231A07D800CA0C2E /* Resources */,
			);
			buildRules = (
			);
			dependencies = (
			);
			name = "Hello App";
			productName = "Hello App";
			productReference = 6054C581231A07D800CA0C2E /* Hello App.app */;
			productType = "com.apple.product-type.application";
		};
/* End PBXNativeTarget section */

/* Begin PBXProject section */
		6054C579231A07D800CA0C2E /* Project object */ = {
			isa = PBXProject;
			attributes = {
				LastSwiftUpdateCheck = 1100;
				LastUpgradeCheck = 1100;
				ORGANIZATIONNAME = "Estudie Ingles";
				TargetAttributes = {
					6054C580231A07D800CA0C2E = {
						CreatedOnToolsVersion = 11.0;
					};
				};
			};
			buildConfigurationList = 6054C57C231A07D800CA0C2E /* Build configuration list for PBXProject "Hello App" */;
			compatibilityVersion = "Xcode 9.3";
			developmentRegion = en;
			hasScannedForEncodings = 0;
			knownRegions = (
				en,
				Base,
			);
			mainGroup = 6054C578231A07D800CA0C2E;
			productRefGroup = 6054C582231A07D800CA0C2E /* Products */;
			projectDirPath = "";
			projectRoot = "";
			targets = (
				6054C580231A07D800CA0C2E /* Hello App */,
			);
		};
/* End PBXProject section */

/* Begin PBXResourcesBuildPhase section */
		6054C57F231A07D800CA0C2E /* Resources */ = {
			isa = PBXResourcesBuildPhase;
			buildActionMask = 2147483647;
			files = (
				6054C594231A07D900CA0C2E /* LaunchScreen.storyboard in Resources */,
				6054C591231A07D900CA0C2E /* Assets.xcassets in Resources */,
				6054C58C231A07D800CA0C2E /* Main.storyboard in Resources */,
			);
			runOnlyForDeploymentPostprocessing = 0;
		};
/* End PBXResourcesBuildPhase section */

/* Begin PBXSourcesBuildPhase section */
		6054C57D231A07D800CA0C2E /* Sources */ = {
			isa = PBXSourcesBuildPhase;
			buildActionMask = 2147483647;
			files = (
				6054C59C231A096C00CA0C2E /* HelloTableViewController.swift in Sources */,
				6054C585231A07D800CA0C2E /* AppDelegate.swift in Sources */,
				6054C58F231A07D800CA0C2E /* Hello_App.xcdatamodeld in Sources */,
				6054C587231A07D800CA0C2E /* SceneDelegate.swift in Sources */,
			);
			runOnlyForDeploymentPostprocessing = 0;
		};
/* End PBXSourcesBuildPhase section */

/* Begin PBXVariantGroup section */
		6054C58A231A07D800CA0C2E /* Main.storyboard */ = {
			isa = PBXVariantGroup;
			children = (
				6054C58B231A07D800CA0C2E /* Base */,
			);
			name = Main.storyboard;
			sourceTree = "<group>";
		};
		6054C592231A07D900CA0C2E /* LaunchScreen.storyboard */ = {
			isa = PBXVariantGroup;
			children = (
				6054C593231A07D900CA0C2E /* Base */,
			);
			name = LaunchScreen.storyboard;
			sourceTree = "<group>";
		};
/* End PBXVariantGroup section */

/* Begin XCBuildConfiguration section */
		6054C596231A07D900CA0C2E /* Debug */ = {
			isa = XCBuildConfiguration;
			buildSettings = {
				ALWAYS_SEARCH_USER_PATHS = NO;
				CLANG_ANALYZER_NONNULL = YES;
				CLANG_ANALYZER_NUMBER_OBJECT_CONVERSION = YES_AGGRESSIVE;
				CLANG_CXX_LANGUAGE_STANDARD = "gnu++14";
				CLANG_CXX_LIBRARY = "libc++";
				CLANG_ENABLE_MODULES = YES;
				CLANG_ENABLE_OBJC_ARC = YES;
				CLANG_ENABLE_OBJC_WEAK = YES;
				CLANG_WARN_BLOCK_CAPTURE_AUTORELEASING = YES;
				CLANG_WARN_BOOL_CONVERSION = YES;
				CLANG_WARN_COMMA = YES;
				CLANG_WARN_CONSTANT_CONVERSION = YES;
				CLANG_WARN_DEPRECATED_OBJC_IMPLEMENTATIONS = YES;
				CLANG_WARN_DIRECT_OBJC_ISA_USAGE = YES_ERROR;
				CLANG_WARN_DOCUMENTATION_COMMENTS = YES;
				CLANG_WARN_EMPTY_BODY = YES;
				CLANG_WARN_ENUM_CONVERSION = YES;
				CLANG_WARN_INFINITE_RECURSION = YES;
				CLANG_WARN_INT_CONVERSION = YES;
				CLANG_WARN_NON_LITERAL_NULL_CONVERSION = YES;
				CLANG_WARN_OBJC_IMPLICIT_RETAIN_SELF = YES;
				CLANG_WARN_OBJC_LITERAL_CONVERSION = YES;
				CLANG_WARN_OBJC_ROOT_CLASS = YES_ERROR;
				CLANG_WARN_RANGE_LOOP_ANALYSIS = YES;
				CLANG_WARN_STRICT_PROTOTYPES = YES;
				CLANG_WARN_SUSPICIOUS_MOVE = YES;
				CLANG_WARN_UNGUARDED_AVAILABILITY = YES_AGGRESSIVE;
				CLANG_WARN_UNREACHABLE_CODE = YES;
				CLANG_WARN__DUPLICATE_METHOD_MATCH = YES;
				COPY_PHASE_STRIP = NO;
				DEBUG_INFORMATION_FORMAT = dwarf;
				ENABLE_STRICT_OBJC_MSGSEND = YES;
				ENABLE_TESTABILITY = YES;
				GCC_C_LANGUAGE_STANDARD = gnu11;
				GCC_DYNAMIC_NO_PIC = NO;
				GCC_NO_COMMON_BLOCKS = YES;
				GCC_OPTIMIZATION_LEVEL = 0;
				GCC_PREPROCESSOR_DEFINITIONS = (
					"DEBUG=1",
					"$(inherited)",
				);
				GCC_WARN_64_TO_32_BIT_CONVERSION = YES;
				GCC_WARN_ABOUT_RETURN_TYPE = YES_ERROR;
				GCC_WARN_UNDECLARED_SELECTOR = YES;
				GCC_WARN_UNINITIALIZED_AUTOS = YES_AGGRESSIVE;
				GCC_WARN_UNUSED_FUNCTION = YES;
				GCC_WARN_UNUSED_VARIABLE = YES;
				IPHONEOS_DEPLOYMENT_TARGET = 13.0;
				MTL_ENABLE_DEBUG_INFO = INCLUDE_SOURCE;
				MTL_FAST_MATH = YES;
				ONLY_ACTIVE_ARCH = YES;
				SDKROOT = iphoneos;
				SWIFT_ACTIVE_COMPILATION_CONDITIONS = DEBUG;
				SWIFT_OPTIMIZATION_LEVEL = "-Onone";
			};
			name = Debug;
		};
		6054C597231A07D900CA0C2E /* Release */ = {
			isa = XCBuildConfiguration;
			buildSettings = {
				ALWAYS_SEARCH_USER_PATHS = NO;
				CLANG_ANALYZER_NONNULL = YES;
				CLANG_ANALYZER_NUMBER_OBJECT_CONVERSION = YES_AGGRESSIVE;
				CLANG_CXX_LANGUAGE_STANDARD = "gnu++14";
				CLANG_CXX_LIBRARY = "libc++";
				CLANG_ENABLE_MODULES = YES;
				CLANG_ENABLE_OBJC_ARC = YES;
				CLANG_ENABLE_OBJC_WEAK = YES;
				CLANG_WARN_BLOCK_CAPTURE_AUTORELEASING = YES;
				CLANG_WARN_BOOL_CONVERSION = YES;
				CLANG_WARN_COMMA = YES;
				CLANG_WARN_CONSTANT_CONVERSION = YES;
				CLANG_WARN_DEPRECATED_OBJC_IMPLEMENTATIONS = YES;
				CLANG_WARN_DIRECT_OBJC_ISA_USAGE = YES_ERROR;
				CLANG_WARN_DOCUMENTATION_COMMENTS = YES;
				CLANG_WARN_EMPTY_BODY = YES;
				CLANG_WARN_ENUM_CONVERSION = YES;
				CLANG_WARN_INFINITE_RECURSION = YES;
				CLANG_WARN_INT_CONVERSION = YES;
				CLANG_WARN_NON_LITERAL_NULL_CONVERSION = YES;
				CLANG_WARN_OBJC_IMPLICIT_RETAIN_SELF = YES;
				CLANG_WARN_OBJC_LITERAL_CONVERSION = YES;
				CLANG_WARN_OBJC_ROOT_CLASS = YES_ERROR;
				CLANG_WARN_RANGE_LOOP_ANALYSIS = YES;
				CLANG_WARN_STRICT_PROTOTYPES = YES;
				CLANG_WARN_SUSPICIOUS_MOVE = YES;
				CLANG_WARN_UNGUARDED_AVAILABILITY = YES_AGGRESSIVE;
				CLANG_WARN_UNREACHABLE_CODE = YES;
				CLANG_WARN__DUPLICATE_METHOD_MATCH = YES;
				COPY_PHASE_STRIP = NO;
				DEBUG_INFORMATION_FORMAT = "dwarf-with-dsym";
				ENABLE_NS_ASSERTIONS = NO;
				ENABLE_STRICT_OBJC_MSGSEND = YES;
				GCC_C_LANGUAGE_STANDARD = gnu11;
				GCC_NO_COMMON_BLOCKS = YES;
				GCC_WARN_64_TO_32_BIT_CONVERSION = YES;
				GCC_WARN_ABOUT_RETURN_TYPE = YES_ERROR;
				GCC_WARN_UNDECLARED_SELECTOR = YES;
				GCC_WARN_UNINITIALIZED_AUTOS = YES_AGGRESSIVE;
				GCC_WARN_UNUSED_FUNCTION = YES;
				GCC_WARN_UNUSED_VARIABLE = YES;
				IPHONEOS_DEPLOYMENT_TARGET = 13.0;
				MTL_ENABLE_DEBUG_INFO = NO;
				MTL_FAST_MATH = YES;
				SDKROOT = iphoneos;
				SWIFT_COMPILATION_MODE = wholemodule;
				SWIFT_OPTIMIZATION_LEVEL = "-O";
				VALIDATE_PRODUCT = YES;
			};
			name = Release;
		};
		6054C599231A07D900CA0C2E /* Debug */ = {
			isa = XCBuildConfiguration;
			buildSettings = {
				ASSETCATALOG_COMPILER_APPICON_NAME = AppIcon;
				CODE_SIGN_STYLE = Automatic;
				INFOPLIST_FILE = "Hello App/Info.plist";
				LD_RUNPATH_SEARCH_PATHS = (
					"$(inherited)",
					"@executable_path/Frameworks",
				);
				PRODUCT_BUNDLE_IDENTIFIER = "www.EstudieIngles.com.Hello-App";
				PRODUCT_NAME = "$(TARGET_NAME)";
				SWIFT_VERSION = 5.0;
				TARGETED_DEVICE_FAMILY = "1,2";
			};
			name = Debug;
		};
		6054C59A231A07D900CA0C2E /* Release */ = {
			isa = XCBuildConfiguration;
			buildSettings = {
				ASSETCATALOG_COMPILER_APPICON_NAME = AppIcon;
				CODE_SIGN_STYLE = Automatic;
				INFOPLIST_FILE = "Hello App/Info.plist";
				LD_RUNPATH_SEARCH_PATHS = (
					"$(inherited)",
					"@executable_path/Frameworks",
				);
				PRODUCT_BUNDLE_IDENTIFIER = "www.EstudieIngles.com.Hello-App";
				PRODUCT_NAME = "$(TARGET_NAME)";
				SWIFT_VERSION = 5.0;
				TARGETED_DEVICE_FAMILY = "1,2";
			};
			name = Release;
		};
/* End XCBuildConfiguration section */

/* Begin XCConfigurationList section */
		6054C57C231A07D800CA0C2E /* Build configuration list for PBXProject "Hello App" */ = {
			isa = XCConfigurationList;
			buildConfigurations = (
				6054C596231A07D900CA0C2E /* Debug */,
				6054C597231A07D900CA0C2E /* Release */,
			);
			defaultConfigurationIsVisible = 0;
			defaultConfigurationName = Release;
		};
		6054C598231A07D900CA0C2E /* Build configuration list for PBXNativeTarget "Hello App" */ = {
			isa = XCConfigurationList;
			buildConfigurations = (
				6054C599231A07D900CA0C2E /* Debug */,
				6054C59A231A07D900CA0C2E /* Release */,
			);
			defaultConfigurationIsVisible = 0;
			defaultConfigurationName = Release;
		};
/* End XCConfigurationList section */

/* Begin XCVersionGroup section */
		6054C58D231A07D800CA0C2E /* Hello_App.xcdatamodeld */ = {
			isa = XCVersionGroup;
			children = (
				6054C58E231A07D800CA0C2E /* Hello_App.xcdatamodel */,
			);
			currentVersion = 6054C58E231A07D800CA0C2E /* Hello_App.xcdatamodel */;
			path = Hello_App.xcdatamodeld;
			sourceTree = "<group>";
			versionGroupType = wrapper.xcdatamodel;
		};
/* End XCVersionGroup section */
	};
	rootObject = 6054C579231A07D800CA0C2E /* Project object */;
}
